
Microsoft Visual Studio Solution File, Format Version 12.00
# Visual Studio Version 16
VisualStudioVersion = 16.0.30002.166
MinimumVisualStudioVersion = 10.0.40219.1
Project("{FAE04EC0-301F-11D3-BF4B-00C04F79EFBC}") = "MAIN", "MAIN\MAIN.csproj", "{2E3943C9-7F91-4B71-8120-9F030749C327}"
	ProjectSection(ProjectDependencies) = postProject
		{D57E420E-FAF5-4778-9F6B-F5B9E0868A3D} = {D57E420E-FAF5-4778-9F6B-F5B9E0868A3D}
		{3BF4A25D-58B6-4B7D-853E-7607FF41D58A} = {3BF4A25D-58B6-4B7D-853E-7607FF41D58A}
		{5D6C547C-9B7D-4ABE-82F4-81E4F08B475F} = {5D6C547C-9B7D-4ABE-82F4-81E4F08B475F}
		{B1871BA5-DEB8-4187-8E45-1B2C63DCD321} = {B1871BA5-DEB8-4187-8E45-1B2C63DCD321}
		{F6CE93D0-DE1E-4087-9AEC-6E23D5917039} = {F6CE93D0-DE1E-4087-9AEC-6E23D5917039}
	EndProjectSection
EndProject
Project("{FAE04EC0-301F-11D3-BF4B-00C04F79EFBC}") = "900.SMT_QUALITY_COCKPIT_MAIN", "900.SMT_QUALITY_COCKPIT_MAIN\900.SMT_QUALITY_COCKPIT_MAIN.csproj", "{D57E420E-FAF5-4778-9F6B-F5B9E0868A3D}"
EndProject
Project("{FAE04EC0-301F-11D3-BF4B-00C04F79EFBC}") = "903.SMT_QUALITY_COCKPIT_BONDING", "903.SMT_QUALITY_COCKPIT_BONDING\903.SMT_QUALITY_COCKPIT_BONDING.csproj", "{F6CE93D0-DE1E-4087-9AEC-6E23D5917039}"
EndProject
Project("{FAE04EC0-301F-11D3-BF4B-00C04F79EFBC}") = "901.SMT_QUALITY_COCKPIT_REWORK", "901.SMT_QUALITY_COCKPIT_REWORK\901.SMT_QUALITY_COCKPIT_REWORK.csproj", "{B1871BA5-DEB8-4187-8E45-1B2C63DCD321}"
EndProject
Project("{FAE04EC0-301F-11D3-BF4B-00C04F79EFBC}") = "902.SMT_QUALITY_COCKPIT_INTERNAL_OSD", "902.SMT_QUALITY_COCKPIT_INTERNAL_OSD\902.SMT_QUALITY_COCKPIT_INTERNAL_OSD.csproj", "{8DBC8C43-47E5-4424-806C-BE10760C09ED}"
EndProject
Project("{FAE04EC0-301F-11D3-BF4B-00C04F79EFBC}") = "904.SMT_QUALITY_COCKPIT_NPI", "904.SMT_QUALITY_COCKPIT_NPI\904.SMT_QUALITY_COCKPIT_NPI.csproj", "{5D6C547C-9B7D-4ABE-82F4-81E4F08B475F}"
EndProject
Project("{FAE04EC0-301F-11D3-BF4B-00C04F79EFBC}") = "905.SMT_QUALITY_COCKPIT_DASBOARD", "905.SMT_QUALITY_COCKPIT_DASBOARD\905.SMT_QUALITY_COCKPIT_DASBOARD.csproj", "{3BF4A25D-58B6-4B7D-853E-7607FF41D58A}"
EndProject
Global
	GlobalSection(SolutionConfigurationPlatforms) = preSolution
		Debug|Any CPU = Debug|Any CPU
		Debug|x86 = Debug|x86
		Release|Any CPU = Release|Any CPU
		Release|x86 = Release|x86
	EndGlobalSection
	GlobalSection(ProjectConfigurationPlatforms) = postSolution
		{2E3943C9-7F91-4B71-8120-9F030749C327}.Debug|Any CPU.ActiveCfg = Debug|Any CPU
		{2E3943C9-7F91-4B71-8120-9F030749C327}.Debug|Any CPU.Build.0 = Debug|Any CPU
		{2E3943C9-7F91-4B71-8120-9F030749C327}.Debug|x86.ActiveCfg = Debug|x86
		{2E3943C9-7F91-4B71-8120-9F030749C327}.Debug|x86.Build.0 = Debug|x86
		{2E3943C9-7F91-4B71-8120-9F030749C327}.Release|Any CPU.ActiveCfg = Release|Any CPU
		{2E3943C9-7F91-4B71-8120-9F030749C327}.Release|Any CPU.Build.0 = Release|Any CPU
		{2E3943C9-7F91-4B71-8120-9F030749C327}.Release|x86.ActiveCfg = Release|x86
		{2E3943C9-7F91-4B71-8120-9F030749C327}.Release|x86.Build.0 = Release|x86
		{D57E420E-FAF5-4778-9F6B-F5B9E0868A3D}.Debug|Any CPU.ActiveCfg = Debug|Any CPU
		{D57E420E-FAF5-4778-9F6B-F5B9E0868A3D}.Debug|Any CPU.Build.0 = Debug|Any CPU
		{D57E420E-FAF5-4778-9F6B-F5B9E0868A3D}.Debug|x86.ActiveCfg = Debug|Any CPU
		{D57E420E-FAF5-4778-9F6B-F5B9E0868A3D}.Debug|x86.Build.0 = Debug|Any CPU
		{D57E420E-FAF5-4778-9F6B-F5B9E0868A3D}.Release|Any CPU.ActiveCfg = Release|Any CPU
		{D57E420E-FAF5-4778-9F6B-F5B9E0868A3D}.Release|Any CPU.Build.0 = Release|Any CPU
		{D57E420E-FAF5-4778-9F6B-F5B9E0868A3D}.Release|x86.ActiveCfg = Release|Any CPU
		{D57E420E-FAF5-4778-9F6B-F5B9E0868A3D}.Release|x86.Build.0 = Release|Any CPU
		{F6CE93D0-DE1E-4087-9AEC-6E23D5917039}.Debug|Any CPU.ActiveCfg = Debug|Any CPU
		{F6CE93D0-DE1E-4087-9AEC-6E23D5917039}.Debug|Any CPU.Build.0 = Debug|Any CPU
		{F6CE93D0-DE1E-4087-9AEC-6E23D5917039}.Debug|x86.ActiveCfg = Debug|Any CPU
		{F6CE93D0-DE1E-4087-9AEC-6E23D5917039}.Debug|x86.Build.0 = Debug|Any CPU
		{F6CE93D0-DE1E-4087-9AEC-6E23D5917039}.Release|Any CPU.ActiveCfg = Release|Any CPU
		{F6CE93D0-DE1E-4087-9AEC-6E23D5917039}.Release|Any CPU.Build.0 = Release|Any CPU
		{F6CE93D0-DE1E-4087-9AEC-6E23D5917039}.Release|x86.ActiveCfg = Release|Any CPU
		{F6CE93D0-DE1E-4087-9AEC-6E23D5917039}.Release|x86.Build.0 = Release|Any CPU
		{B1871BA5-DEB8-4187-8E45-1B2C63DCD321}.Debug|Any CPU.ActiveCfg = Debug|Any CPU
		{B1871BA5-DEB8-4187-8E45-1B2C63DCD321}.Debug|Any CPU.Build.0 = Debug|Any CPU
		{B1871BA5-DEB8-4187-8E45-1B2C63DCD321}.Debug|x86.ActiveCfg = Debug|Any CPU
		{B1871BA5-DEB8-4187-8E45-1B2C63DCD321}.Debug|x86.Build.0 = Debug|Any CPU
		{B1871BA5-DEB8-4187-8E45-1B2C63DCD321}.Release|Any CPU.ActiveCfg = Release|Any CPU
		{B1871BA5-DEB8-4187-8E45-1B2C63DCD321}.Release|Any CPU.Build.0 = Release|Any CPU
		{B1871BA5-DEB8-4187-8E45-1B2C63DCD321}.Release|x86.ActiveCfg = Release|Any CPU
		{B1871BA5-DEB8-4187-8E45-1B2C63DCD321}.Release|x86.Build.0 = Release|Any CPU
		{8DBC8C43-47E5-4424-806C-BE10760C09ED}.Debug|Any CPU.ActiveCfg = Debug|Any CPU
		{8DBC8C43-47E5-4424-806C-BE10760C09ED}.Debug|Any CPU.Build.0 = Debug|Any CPU
		{8DBC8C43-47E5-4424-806C-BE10760C09ED}.Debug|x86.ActiveCfg = Debug|Any CPU
		{8DBC8C43-47E5-4424-806C-BE10760C09ED}.Debug|x86.Build.0 = Debug|Any CPU
		{8DBC8C43-47E5-4424-806C-BE10760C09ED}.Release|Any CPU.ActiveCfg = Release|Any CPU
		{8DBC8C43-47E5-4424-806C-BE10760C09ED}.Release|Any CPU.Build.0 = Release|Any CPU
		{8DBC8C43-47E5-4424-806C-BE10760C09ED}.Release|x86.ActiveCfg = Release|Any CPU
		{8DBC8C43-47E5-4424-806C-BE10760C09ED}.Release|x86.Build.0 = Release|Any CPU
		{5D6C547C-9B7D-4ABE-82F4-81E4F08B475F}.Debug|Any CPU.ActiveCfg = Debug|Any CPU
		{5D6C547C-9B7D-4ABE-82F4-81E4F08B475F}.Debug|Any CPU.Build.0 = Debug|Any CPU
		{5D6C547C-9B7D-4ABE-82F4-81E4F08B475F}.Debug|x86.ActiveCfg = Debug|Any CPU
		{5D6C547C-9B7D-4ABE-82F4-81E4F08B475F}.Debug|x86.Build.0 = Debug|Any CPU
		{5D6C547C-9B7D-4ABE-82F4-81E4F08B475F}.Release|Any CPU.ActiveCfg = Release|Any CPU
		{5D6C547C-9B7D-4ABE-82F4-81E4F08B475F}.Release|Any CPU.Build.0 = Release|Any CPU
		{5D6C547C-9B7D-4ABE-82F4-81E4F08B475F}.Release|x86.ActiveCfg = Release|Any CPU
		{5D6C547C-9B7D-4ABE-82F4-81E4F08B475F}.Release|x86.Build.0 = Release|Any CPU
		{3BF4A25D-58B6-4B7D-853E-7607FF41D58A}.Debug|Any CPU.ActiveCfg = Debug|Any CPU
		{3BF4A25D-58B6-4B7D-853E-7607FF41D58A}.Debug|Any CPU.Build.0 = Debug|Any CPU
		{3BF4A25D-58B6-4B7D-853E-7607FF41D58A}.Debug|x86.ActiveCfg = Debug|Any CPU
		{3BF4A25D-58B6-4B7D-853E-7607FF41D58A}.Debug|x86.Build.0 = Debug|Any CPU
		{3BF4A25D-58B6-4B7D-853E-7607FF41D58A}.Release|Any CPU.ActiveCfg = Release|Any CPU
		{3BF4A25D-58B6-4B7D-853E-7607FF41D58A}.Release|Any CPU.Build.0 = Release|Any CPU
		{3BF4A25D-58B6-4B7D-853E-7607FF41D58A}.Release|x86.ActiveCfg = Release|Any CPU
		{3BF4A25D-58B6-4B7D-853E-7607FF41D58A}.Release|x86.Build.0 = Release|Any CPU
	EndGlobalSection
	GlobalSection(SolutionProperties) = preSolution
		HideSolutionNode = FALSE
	EndGlobalSection
	GlobalSection(ExtensibilityGlobals) = postSolution
		SolutionGuid = {6643312D-2F30-493D-B4F2-7587209EFF2C}
	EndGlobalSection
EndGlobal
