
Microsoft Visual Studio Solution File, Format Version 12.00
# Visual Studio Version 16
VisualStudioVersion = 16.0.30717.126
MinimumVisualStudioVersion = 10.0.40219.1
Project("{FAE04EC0-301F-11D3-BF4B-00C04F79EFBC}") = "950.SMT_I_TMS", "950.SMT_I_TMS\950.SMT_I_TMS.csproj", "{6478F1A3-E7E8-4929-85A5-8ACE3DA77B39}"
EndProject
Project("{FAE04EC0-301F-11D3-BF4B-00C04F79EFBC}") = "MAIN", "MAIN\MAIN.csproj", "{2E3943C9-7F91-4B71-8120-9F030749C327}"
EndProject
Project("{FAE04EC0-301F-11D3-BF4B-00C04F79EFBC}") = "960.SMT_I_TMS_INV", "960.SMT_I_TMS_INV\960.SMT_I_TMS_INV.csproj", "{807D6C48-6A4C-44ED-99FF-5DDE6DD3CB6B}"
EndProject
Global
	GlobalSection(SolutionConfigurationPlatforms) = preSolution
		Debug|Any CPU = Debug|Any CPU
		Debug|x86 = Debug|x86
		Release|Any CPU = Release|Any CPU
		Release|x86 = Release|x86
	EndGlobalSection
	GlobalSection(ProjectConfigurationPlatforms) = postSolution
		{6478F1A3-E7E8-4929-85A5-8ACE3DA77B39}.Debug|Any CPU.ActiveCfg = Debug|Any CPU
		{6478F1A3-E7E8-4929-85A5-8ACE3DA77B39}.Debug|Any CPU.Build.0 = Debug|Any CPU
		{6478F1A3-E7E8-4929-85A5-8ACE3DA77B39}.Debug|x86.ActiveCfg = Debug|Any CPU
		{6478F1A3-E7E8-4929-85A5-8ACE3DA77B39}.Debug|x86.Build.0 = Debug|Any CPU
		{6478F1A3-E7E8-4929-85A5-8ACE3DA77B39}.Release|Any CPU.ActiveCfg = Release|Any CPU
		{6478F1A3-E7E8-4929-85A5-8ACE3DA77B39}.Release|Any CPU.Build.0 = Release|Any CPU
		{6478F1A3-E7E8-4929-85A5-8ACE3DA77B39}.Release|x86.ActiveCfg = Release|Any CPU
		{6478F1A3-E7E8-4929-85A5-8ACE3DA77B39}.Release|x86.Build.0 = Release|Any CPU
		{2E3943C9-7F91-4B71-8120-9F030749C327}.Debug|Any CPU.ActiveCfg = Debug|Any CPU
		{2E3943C9-7F91-4B71-8120-9F030749C327}.Debug|Any CPU.Build.0 = Debug|Any CPU
		{2E3943C9-7F91-4B71-8120-9F030749C327}.Debug|x86.ActiveCfg = Debug|x86
		{2E3943C9-7F91-4B71-8120-9F030749C327}.Debug|x86.Build.0 = Debug|x86
		{2E3943C9-7F91-4B71-8120-9F030749C327}.Release|Any CPU.ActiveCfg = Release|Any CPU
		{2E3943C9-7F91-4B71-8120-9F030749C327}.Release|Any CPU.Build.0 = Release|Any CPU
		{2E3943C9-7F91-4B71-8120-9F030749C327}.Release|x86.ActiveCfg = Release|x86
		{2E3943C9-7F91-4B71-8120-9F030749C327}.Release|x86.Build.0 = Release|x86
		{807D6C48-6A4C-44ED-99FF-5DDE6DD3CB6B}.Debug|Any CPU.ActiveCfg = Debug|Any CPU
		{807D6C48-6A4C-44ED-99FF-5DDE6DD3CB6B}.Debug|Any CPU.Build.0 = Debug|Any CPU
		{807D6C48-6A4C-44ED-99FF-5DDE6DD3CB6B}.Debug|x86.ActiveCfg = Debug|Any CPU
		{807D6C48-6A4C-44ED-99FF-5DDE6DD3CB6B}.Debug|x86.Build.0 = Debug|Any CPU
		{807D6C48-6A4C-44ED-99FF-5DDE6DD3CB6B}.Release|Any CPU.ActiveCfg = Release|Any CPU
		{807D6C48-6A4C-44ED-99FF-5DDE6DD3CB6B}.Release|Any CPU.Build.0 = Release|Any CPU
		{807D6C48-6A4C-44ED-99FF-5DDE6DD3CB6B}.Release|x86.ActiveCfg = Release|Any CPU
		{807D6C48-6A4C-44ED-99FF-5DDE6DD3CB6B}.Release|x86.Build.0 = Release|Any CPU
	EndGlobalSection
	GlobalSection(SolutionProperties) = preSolution
		HideSolutionNode = FALSE
	EndGlobalSection
	GlobalSection(ExtensibilityGlobals) = postSolution
		SolutionGuid = {DED47E54-2261-4264-BC1D-E1D295F53F89}
	EndGlobalSection
EndGlobal
